{
  "version": 1,
  "dependencies": {
    "net9.0-windows7.0": {
      "CSCore": {
        "type": "Direct",
        "requested": "[1.2.1.2, )",
        "resolved": "1.2.1.2",
        "contentHash": "DoQKUcdZLQawo3mOg8CvujJD9YkvTt6NtEu7S+OCo8+ySl8eCeUw4LFyL2E1OcAkPU918HZM6sUNcvIMcXWg6g=="
      },
      "DalamudPackager": {
        "type": "Direct",
        "requested": "[13.0.0, )",
        "resolved": "13.0.0",
        "contentHash": "Mb3cUDSK/vDPQ8gQIeuCw03EMYrej1B4J44a1AvIJ9C759p9XeqdU9Hg4WgOmlnlPe0G7ILTD32PKSUpkQNa8w=="
      },
      "DotNet.ReproducibleBuilds": {
        "type": "Direct",
        "requested": "[1.2.25, )",
        "resolved": "1.2.25",
        "contentHash": "xCXiw7BCxHJ8pF6wPepRUddlh2dlQlbr81gXA72hdk4FLHkKXas7EH/n+fk5UCA/YfMqG1Z6XaPiUjDbUNBUzg=="
      },
      "MessagePack": {
        "type": "Direct",
        "requested": "[3.1.3, )",
        "resolved": "3.1.3",
        "contentHash": "UiNv3fknvPzh5W+S0VV96R17RBZQQU71qgmsMnjjRZU2rtQM/XcTnOB+klT2dA6T1mxjnNKYrEm164AoXvGmYg==",
        "dependencies": {
          "MessagePack.Annotations": "3.1.3",
          "MessagePackAnalyzer": "3.1.3",
          "Microsoft.NET.StringTools": "17.11.4"
        }
      },
      "AllaganLib.GameSheets": {
        "type": "Transitive",
        "resolved": "1.3.0",
        "contentHash": "8AeicK4ZK2UIiClDv1Q3829VP0iHU1aBJdCIiC7//YYJT8fURWwPJOunFpbjDBX9RMt2feNLa4zBlw3yn93Orw==",
        "dependencies": {
          "AllaganLib.Shared": "1.3.0",
          "Autofac": "8.4.0",
          "Autofac.Extensions.DependencyInjection": "10.0.0",
          "CSVFile": "3.2.0",
          "LuminaSupplemental.Excel": "3.0.0"
        }
      },
      "AllaganLib.Shared": {
        "type": "Transitive",
        "resolved": "1.3.0",
        "contentHash": "zN30wfBebY4wDvpox90tLHOkAbhJe+63hg4P9VBhAMHwQn01xRStYPi+1uyn0xXNxVahc/kl/fh0OuEONXSjZg==",
        "dependencies": {
          "Microsoft.Extensions.Hosting": "10.0.0-preview.6.25358.103",
          "Microsoft.Extensions.Hosting.Abstractions": "10.0.0-preview.6.25358.103"
        }
      },
      "Autofac": {
        "type": "Transitive",
        "resolved": "8.4.0",
        "contentHash": "XMWHyO6fXTv8rwCfhm6+64mQS6CyL0rve/hWSODsUrVuEGtq1fjxSOlVTBqCRsW6L8K3OQDskJaPB1boVMI2eQ==",
        "dependencies": {
          "System.Diagnostics.DiagnosticSource": "8.0.1"
        }
      },
      "Autofac.Extensions.DependencyInjection": {
        "type": "Transitive",
        "resolved": "10.0.0",
        "contentHash": "ZjR/onUlP7BzQ7VBBigQepWLAyAzi3VRGX3pP6sBqkPRiT61fsTZqbTpRUKxo30TMgbs1o3y6bpLbETix4SJog==",
        "dependencies": {
          "Autofac": "8.1.0",
          "Microsoft.Extensions.DependencyInjection.Abstractions": "8.0.1"
        }
      },
      "CSVFile": {
        "type": "Transitive",
        "resolved": "3.2.0",
        "contentHash": "sEVTg2rdBomJbh5bKCQqBtTgA0ojnkMab/hGwQ73UWy20n8jcJTLZ2dDKmnKPD0kTHMEeJK9TXpCgHn+RMcBYg=="
      },
      "CsvHelper": {
        "type": "Transitive",
        "resolved": "30.0.1",
        "contentHash": "rcZtgbWR+As4G3Vpgx0AMNmShGuQLFjkHAPIIflzrfkJCx8/AOd4m96ZRmiU1Wi39qS5UVjV0P8qdgqOo5Cwyg=="
      },
      "JetBrains.Annotations": {
        "type": "Transitive",
        "resolved": "2024.3.0",
        "contentHash": "ox5pkeLQXjvJdyAB4b2sBYAlqZGLh3PjSnP1bQNVx72ONuTJ9+34/+Rq91Fc0dG29XG9RgZur9+NcP4riihTug=="
      },
      "LuminaSupplemental.Excel": {
        "type": "Transitive",
        "resolved": "3.0.0",
        "contentHash": "Fh9IqnOzHtmL7Xm2pjO1SjRz02bmzpZlvsG5Wtdha6CeXHU6P9jAVuhC+Obc/8LNihSe/9Tc7fpnhiZLhGP2cA==",
        "dependencies": {
          "CSVFile": "3.2.0",
          "CsvHelper": "30.0.1",
          "Sylvan.Data.Csv": "1.3.9"
        }
      },
      "MessagePack.Annotations": {
        "type": "Transitive",
        "resolved": "3.1.3",
        "contentHash": "XTy4njgTAf6UVBKFj7c7ad5R0WVKbvAgkbYZy4f00kplzX2T3VOQ34AUke/Vn/QgQZ7ETdd34/IDWS3KBInSGA=="
      },
      "MessagePackAnalyzer": {
        "type": "Transitive",
        "resolved": "3.1.3",
        "contentHash": "19u1oVNv2brCs5F/jma8O8CnsKMMpYwNqD0CAEDEzvqwDTAhqC9r7xHZP4stPb3APs/ryO/zVn7LvjoEHfvs7Q=="
      },
      "Microsoft.Extensions.Configuration": {
        "type": "Transitive",
        "resolved": "10.0.0-preview.6.25358.103",
        "contentHash": "fypDLNI6JZe1ipJLYF0quEHa6I9qRQUNMRA1x8+BSY+KJn70BiNNPDSkJFrnAUdrJT+N2otJRm64xRhou0Em6w==",
        "dependencies": {
          "Microsoft.Extensions.Configuration.Abstractions": "10.0.0-preview.6.25358.103",
          "Microsoft.Extensions.Primitives": "10.0.0-preview.6.25358.103"
        }
      },
      "Microsoft.Extensions.Configuration.Abstractions": {
        "type": "Transitive",
        "resolved": "10.0.0-preview.6.25358.103",
        "contentHash": "jMCM7Z7sqACZrJYcOrz2tE9toRKtR/2JlFAMc8In7epzdcOMCz5F7dINKZwnhltLBlYaAyg0xs/9KRRhHWuaNw==",
        "dependencies": {
          "Microsoft.Extensions.Primitives": "10.0.0-preview.6.25358.103"
        }
      },
      "Microsoft.Extensions.Configuration.Binder": {
        "type": "Transitive",
        "resolved": "10.0.0-preview.6.25358.103",
        "contentHash": "7dJhJ9ebXxqNeuabYk2gkzMr3LtrIp2qw7Mt2TXjCiEJudcK0z9ogm4vzwEH6AgUUiU+tGcJq8reEomzLZnkcw==",
        "dependencies": {
          "Microsoft.Extensions.Configuration.Abstractions": "10.0.0-preview.6.25358.103"
        }
      },
      "Microsoft.Extensions.Configuration.CommandLine": {
        "type": "Transitive",
        "resolved": "10.0.0-preview.6.25358.103",
        "contentHash": "hE7vjnulJGfveTv8mFtBJAJywyGYQ6r8BvbCEtyK7XKC2JnUS5JhGqi87dG098hK48LdFXOH9u/kYoMlnptehA==",
        "dependencies": {
          "Microsoft.Extensions.Configuration": "10.0.0-preview.6.25358.103",
          "Microsoft.Extensions.Configuration.Abstractions": "10.0.0-preview.6.25358.103"
        }
      },
      "Microsoft.Extensions.Configuration.EnvironmentVariables": {
        "type": "Transitive",
        "resolved": "10.0.0-preview.6.25358.103",
        "contentHash": "eswr15WlASdXGquY7OrTzNS4oMFaa1QvsEz7pP4ixOnodAZePt1BDs3rqJf0D97XpSbUKinYzaAq0hSDD4HrVQ==",
        "dependencies": {
          "Microsoft.Extensions.Configuration": "10.0.0-preview.6.25358.103",
          "Microsoft.Extensions.Configuration.Abstractions": "10.0.0-preview.6.25358.103"
        }
      },
      "Microsoft.Extensions.Configuration.FileExtensions": {
        "type": "Transitive",
        "resolved": "10.0.0-preview.6.25358.103",
        "contentHash": "6jecem+ivT6rue10h7+LFGu2tEdYA+Q1BeueBIwaA7M6QfxmRA8XXVA2/h3m6a/sm8NlFsJaxECQRzqVyUzvKA==",
        "dependencies": {
          "Microsoft.Extensions.Configuration": "10.0.0-preview.6.25358.103",
          "Microsoft.Extensions.Configuration.Abstractions": "10.0.0-preview.6.25358.103",
          "Microsoft.Extensions.FileProviders.Abstractions": "10.0.0-preview.6.25358.103",
          "Microsoft.Extensions.FileProviders.Physical": "10.0.0-preview.6.25358.103",
          "Microsoft.Extensions.Primitives": "10.0.0-preview.6.25358.103"
        }
      },
      "Microsoft.Extensions.Configuration.Json": {
        "type": "Transitive",
        "resolved": "10.0.0-preview.6.25358.103",
        "contentHash": "KcUEaL2H9PSn5K3lJHPYY6VXzv5hSZfmt+EYWq/ws9wE/mKDfjFUClDZ5LvqjMXU79PIYRlfB6nKn9bBglltnA==",
        "dependencies": {
          "Microsoft.Extensions.Configuration": "10.0.0-preview.6.25358.103",
          "Microsoft.Extensions.Configuration.Abstractions": "10.0.0-preview.6.25358.103",
          "Microsoft.Extensions.Configuration.FileExtensions": "10.0.0-preview.6.25358.103",
          "Microsoft.Extensions.FileProviders.Abstractions": "10.0.0-preview.6.25358.103",
          "System.Text.Json": "10.0.0-preview.6.25358.103"
        }
      },
      "Microsoft.Extensions.Configuration.UserSecrets": {
        "type": "Transitive",
        "resolved": "10.0.0-preview.6.25358.103",
        "contentHash": "z7Prpxxe7bmd5WLY7cn352vpRyDvqbmosUCYz2Cy6pWYJCx3yIm2c80y11chBjPM8oqPEUL7A6tK3MsdjF0wkA==",
        "dependencies": {
          "Microsoft.Extensions.Configuration.Abstractions": "10.0.0-preview.6.25358.103",
          "Microsoft.Extensions.Configuration.Json": "10.0.0-preview.6.25358.103",
          "Microsoft.Extensions.FileProviders.Abstractions": "10.0.0-preview.6.25358.103",
          "Microsoft.Extensions.FileProviders.Physical": "10.0.0-preview.6.25358.103"
        }
      },
      "Microsoft.Extensions.DependencyInjection": {
        "type": "Transitive",
        "resolved": "10.0.0-preview.6.25358.103",
        "contentHash": "789qUZQkqzBfPVvGDkHn+G/GCjjcZIREzgcnQVcNoPvR+hBM6YQnSzL7oNiwXSDBfhV3OoNJ3Q3VcUiuCWACsA==",
        "dependencies": {
          "Microsoft.Extensions.DependencyInjection.Abstractions": "10.0.0-preview.6.25358.103"
        }
      },
      "Microsoft.Extensions.DependencyInjection.Abstractions": {
        "type": "Transitive",
        "resolved": "10.0.0-preview.6.25358.103",
        "contentHash": "XrX5CQwI6dnGvmPJJxf/X1JxhPzRwdKKUf9onJKN+qyqP+wwH9floTgkckGdJxVV+jvnWeUgSJ6MZvQM6WmwSg=="
      },
      "Microsoft.Extensions.Diagnostics": {
        "type": "Transitive",
        "resolved": "10.0.0-preview.6.25358.103",
        "contentHash": "iYPgCak/Y5zOfTQljKv3FZlV667salExF3cwVipYRkw3IjLe9zYjvmbqKCc8xo0wyJAUqZuJyin0/3u2UG3rUg==",
        "dependencies": {
          "Microsoft.Extensions.Configuration": "10.0.0-preview.6.25358.103",
          "Microsoft.Extensions.Diagnostics.Abstractions": "10.0.0-preview.6.25358.103",
          "Microsoft.Extensions.Options.ConfigurationExtensions": "10.0.0-preview.6.25358.103"
        }
      },
      "Microsoft.Extensions.Diagnostics.Abstractions": {
        "type": "Transitive",
        "resolved": "10.0.0-preview.6.25358.103",
        "contentHash": "gC1arc0MQ+1sX46IrWterWv/yjhaIBA4e0QmyIVsHgWmgRX4pei2CuG2TXrRDY1u+pgG5xGlHN8FNhBI8YzXZQ==",
        "dependencies": {
          "Microsoft.Extensions.DependencyInjection.Abstractions": "10.0.0-preview.6.25358.103",
          "Microsoft.Extensions.Options": "10.0.0-preview.6.25358.103",
          "System.Diagnostics.DiagnosticSource": "10.0.0-preview.6.25358.103"
        }
      },
      "Microsoft.Extensions.FileProviders.Abstractions": {
        "type": "Transitive",
        "resolved": "10.0.0-preview.6.25358.103",
        "contentHash": "CQyTCUGP9yF6N68+URCrS4F6F8YtQECb8BIqi4cVDNF5JykM551zCVL7vCoghfAFCBiERbCBPwu46nxy/u7lSA==",
        "dependencies": {
          "Microsoft.Extensions.Primitives": "10.0.0-preview.6.25358.103"
        }
      },
      "Microsoft.Extensions.FileProviders.Physical": {
        "type": "Transitive",
        "resolved": "10.0.0-preview.6.25358.103",
        "contentHash": "jCmO0T5g3eUgp6Z7DgyDIqgQQdhknxSJ3/Qt796inNrNcT3wGCtUQoxJKDHjNTfL8kDUe7Ajq221z9YhCd7EwQ==",
        "dependencies": {
          "Microsoft.Extensions.FileProviders.Abstractions": "10.0.0-preview.6.25358.103",
          "Microsoft.Extensions.FileSystemGlobbing": "10.0.0-preview.6.25358.103",
          "Microsoft.Extensions.Primitives": "10.0.0-preview.6.25358.103"
        }
      },
      "Microsoft.Extensions.FileSystemGlobbing": {
        "type": "Transitive",
        "resolved": "10.0.0-preview.6.25358.103",
        "contentHash": "0ElgXEF7R+oTK06ctnHQ2GCKbMFDwcEf7PGjmFD/P2G4gD2B6Q4YeKca1+2X1wAaJaxrl9G5IqWJyQG5L/hPrg=="
      },
      "Microsoft.Extensions.Hosting": {
        "type": "Transitive",
        "resolved": "10.0.0-preview.6.25358.103",
        "contentHash": "CnjLZ27sR1RlqIs2JLf6EKcL2uJf9FekRlvsw669yVNQdRNO/p6Fc8oqN1YB03BTe5S6CUayGw84NUbzdTW9Hg==",
        "dependencies": {
          "Microsoft.Extensions.Configuration": "10.0.0-preview.6.25358.103",
          "Microsoft.Extensions.Configuration.Abstractions": "10.0.0-preview.6.25358.103",
          "Microsoft.Extensions.Configuration.Binder": "10.0.0-preview.6.25358.103",
          "Microsoft.Extensions.Configuration.CommandLine": "10.0.0-preview.6.25358.103",
          "Microsoft.Extensions.Configuration.EnvironmentVariables": "10.0.0-preview.6.25358.103",
          "Microsoft.Extensions.Configuration.FileExtensions": "10.0.0-preview.6.25358.103",
          "Microsoft.Extensions.Configuration.Json": "10.0.0-preview.6.25358.103",
          "Microsoft.Extensions.Configuration.UserSecrets": "10.0.0-preview.6.25358.103",
          "Microsoft.Extensions.DependencyInjection": "10.0.0-preview.6.25358.103",
          "Microsoft.Extensions.DependencyInjection.Abstractions": "10.0.0-preview.6.25358.103",
          "Microsoft.Extensions.Diagnostics": "10.0.0-preview.6.25358.103",
          "Microsoft.Extensions.FileProviders.Abstractions": "10.0.0-preview.6.25358.103",
          "Microsoft.Extensions.FileProviders.Physical": "10.0.0-preview.6.25358.103",
          "Microsoft.Extensions.Hosting.Abstractions": "10.0.0-preview.6.25358.103",
          "Microsoft.Extensions.Logging": "10.0.0-preview.6.25358.103",
          "Microsoft.Extensions.Logging.Abstractions": "10.0.0-preview.6.25358.103",
          "Microsoft.Extensions.Logging.Configuration": "10.0.0-preview.6.25358.103",
          "Microsoft.Extensions.Logging.Console": "10.0.0-preview.6.25358.103",
          "Microsoft.Extensions.Logging.Debug": "10.0.0-preview.6.25358.103",
          "Microsoft.Extensions.Logging.EventLog": "10.0.0-preview.6.25358.103",
          "Microsoft.Extensions.Logging.EventSource": "10.0.0-preview.6.25358.103",
          "Microsoft.Extensions.Options": "10.0.0-preview.6.25358.103"
        }
      },
      "Microsoft.Extensions.Hosting.Abstractions": {
        "type": "Transitive",
        "resolved": "10.0.0-preview.6.25358.103",
        "contentHash": "YRzdob0VvFvaSbfJlLXeX1ij+3sAQo2fLWwfyh9WaYsXhGWDL9RB3R35YAeeZ33sFn/LCUVH+Z0XK8fWNlOlPA==",
        "dependencies": {
          "Microsoft.Extensions.Configuration.Abstractions": "10.0.0-preview.6.25358.103",
          "Microsoft.Extensions.DependencyInjection.Abstractions": "10.0.0-preview.6.25358.103",
          "Microsoft.Extensions.Diagnostics.Abstractions": "10.0.0-preview.6.25358.103",
          "Microsoft.Extensions.FileProviders.Abstractions": "10.0.0-preview.6.25358.103",
          "Microsoft.Extensions.Logging.Abstractions": "10.0.0-preview.6.25358.103"
        }
      },
      "Microsoft.Extensions.Logging": {
        "type": "Transitive",
        "resolved": "10.0.0-preview.6.25358.103",
        "contentHash": "O7o3t9S1pc7JmnEem3bKmoyZUvfZMQxCJlQIRNv6ERVNXlgbagWgxCuwoI0b499b/MG8CpMryTWjQAsYba8VoQ==",
        "dependencies": {
          "Microsoft.Extensions.DependencyInjection": "10.0.0-preview.6.25358.103",
          "Microsoft.Extensions.Logging.Abstractions": "10.0.0-preview.6.25358.103",
          "Microsoft.Extensions.Options": "10.0.0-preview.6.25358.103"
        }
      },
      "Microsoft.Extensions.Logging.Abstractions": {
        "type": "Transitive",
        "resolved": "10.0.0-preview.6.25358.103",
        "contentHash": "ktG/8xOcrtBL176cYv6mzOL+YRSPySE8hcppHonAXYa8jf3lW/WmxfAUwK0WtUEl7MdYR8mbuEAbSg81crBq5Q==",
        "dependencies": {
          "Microsoft.Extensions.DependencyInjection.Abstractions": "10.0.0-preview.6.25358.103",
          "System.Diagnostics.DiagnosticSource": "10.0.0-preview.6.25358.103"
        }
      },
      "Microsoft.Extensions.Logging.Configuration": {
        "type": "Transitive",
        "resolved": "10.0.0-preview.6.25358.103",
        "contentHash": "P2dXt5+e7pDwTrK7V9wT/lJ0m5L0NvDGrjKb1XVLBXp3i6leNKG/knChvAp31vSHuypOxDN4HTnHKApNm69cFQ==",
        "dependencies": {
          "Microsoft.Extensions.Configuration": "10.0.0-preview.6.25358.103",
          "Microsoft.Extensions.Configuration.Abstractions": "10.0.0-preview.6.25358.103",
          "Microsoft.Extensions.Configuration.Binder": "10.0.0-preview.6.25358.103",
          "Microsoft.Extensions.DependencyInjection.Abstractions": "10.0.0-preview.6.25358.103",
          "Microsoft.Extensions.Logging": "10.0.0-preview.6.25358.103",
          "Microsoft.Extensions.Logging.Abstractions": "10.0.0-preview.6.25358.103",
          "Microsoft.Extensions.Options": "10.0.0-preview.6.25358.103",
          "Microsoft.Extensions.Options.ConfigurationExtensions": "10.0.0-preview.6.25358.103"
        }
      },
      "Microsoft.Extensions.Logging.Console": {
        "type": "Transitive",
        "resolved": "10.0.0-preview.6.25358.103",
        "contentHash": "JYTuOpP8vW93q9hue1Tx0+kxB3gLTN/KxFoxrpS+8wgElJ9O4lkw+JU/pAhzvohPGRPbGzy64kuAoPSdOF6VLA==",
        "dependencies": {
          "Microsoft.Extensions.DependencyInjection.Abstractions": "10.0.0-preview.6.25358.103",
          "Microsoft.Extensions.Logging": "10.0.0-preview.6.25358.103",
          "Microsoft.Extensions.Logging.Abstractions": "10.0.0-preview.6.25358.103",
          "Microsoft.Extensions.Logging.Configuration": "10.0.0-preview.6.25358.103",
          "Microsoft.Extensions.Options": "10.0.0-preview.6.25358.103",
          "System.Text.Json": "10.0.0-preview.6.25358.103"
        }
      },
      "Microsoft.Extensions.Logging.Debug": {
        "type": "Transitive",
        "resolved": "10.0.0-preview.6.25358.103",
        "contentHash": "HrhLOuVl/TiVDI/G280HCMwyqkvZYE1+WtDkecrjDH8hCP10JTsn0zODtHoGn+S9JOcIGa9woPb+7oklsEAx9Q==",
        "dependencies": {
          "Microsoft.Extensions.DependencyInjection.Abstractions": "10.0.0-preview.6.25358.103",
          "Microsoft.Extensions.Logging": "10.0.0-preview.6.25358.103",
          "Microsoft.Extensions.Logging.Abstractions": "10.0.0-preview.6.25358.103"
        }
      },
      "Microsoft.Extensions.Logging.EventLog": {
        "type": "Transitive",
        "resolved": "10.0.0-preview.6.25358.103",
        "contentHash": "gOQk5BPZumh3wfe5LO/ptEKqlPmKZIDNrTx6cVmg8bVFmrB6SGsXyw8Rz5jyH7SNZ7JlFLoNharwYa/9Z3Ou2A==",
        "dependencies": {
          "Microsoft.Extensions.DependencyInjection.Abstractions": "10.0.0-preview.6.25358.103",
          "Microsoft.Extensions.Logging": "10.0.0-preview.6.25358.103",
          "Microsoft.Extensions.Logging.Abstractions": "10.0.0-preview.6.25358.103",
          "Microsoft.Extensions.Options": "10.0.0-preview.6.25358.103",
          "System.Diagnostics.EventLog": "10.0.0-preview.6.25358.103"
        }
      },
      "Microsoft.Extensions.Logging.EventSource": {
        "type": "Transitive",
        "resolved": "10.0.0-preview.6.25358.103",
        "contentHash": "h4M6SbPBP/0GILpLcvLZl2gkKYmKZTANx+5yCMUeAaBzZ8oTe4dr5TirTVPKscuNvaDFIUZ16sGQ0HwpmjoVzA==",
        "dependencies": {
          "Microsoft.Extensions.DependencyInjection.Abstractions": "10.0.0-preview.6.25358.103",
          "Microsoft.Extensions.Logging": "10.0.0-preview.6.25358.103",
          "Microsoft.Extensions.Logging.Abstractions": "10.0.0-preview.6.25358.103",
          "Microsoft.Extensions.Options": "10.0.0-preview.6.25358.103",
          "Microsoft.Extensions.Primitives": "10.0.0-preview.6.25358.103",
          "System.Text.Json": "10.0.0-preview.6.25358.103"
        }
      },
      "Microsoft.Extensions.Options": {
        "type": "Transitive",
        "resolved": "10.0.0-preview.6.25358.103",
        "contentHash": "V3IaV1wPAVpVfDrOK0b4xKZVEHMFlYSL0Wfx6/Tm8bt4ovodorVqHe/EvsogWmsbcj1XhJvFuWXVDuG479i2vw==",
        "dependencies": {
          "Microsoft.Extensions.DependencyInjection.Abstractions": "10.0.0-preview.6.25358.103",
          "Microsoft.Extensions.Primitives": "10.0.0-preview.6.25358.103"
        }
      },
      "Microsoft.Extensions.Options.ConfigurationExtensions": {
        "type": "Transitive",
        "resolved": "10.0.0-preview.6.25358.103",
        "contentHash": "dx3KoYXwXtivveyBEDjxmYuFnN/ZyYWJWVn7vWInCP9D1MQ0WmXms7L4bPsC6Ad+4OYi0lNCYz3Tv3fyJ9DD2Q==",
        "dependencies": {
          "Microsoft.Extensions.Configuration.Abstractions": "10.0.0-preview.6.25358.103",
          "Microsoft.Extensions.Configuration.Binder": "10.0.0-preview.6.25358.103",
          "Microsoft.Extensions.DependencyInjection.Abstractions": "10.0.0-preview.6.25358.103",
          "Microsoft.Extensions.Options": "10.0.0-preview.6.25358.103",
          "Microsoft.Extensions.Primitives": "10.0.0-preview.6.25358.103"
        }
      },
      "Microsoft.Extensions.Primitives": {
        "type": "Transitive",
        "resolved": "10.0.0-preview.6.25358.103",
        "contentHash": "iSpD+A130hPiq20tbqKGujXtFY1Zc3q/R/AlN3qPpUYwmxEZbybykQ+YpiDzdyoGvo0gp/4vtk/Hqcvkwt53Gw=="
      },
      "Microsoft.NET.StringTools": {
        "type": "Transitive",
        "resolved": "17.11.4",
        "contentHash": "mudqUHhNpeqIdJoUx2YDWZO/I9uEDYVowan89R6wsomfnUJQk6HteoQTlNjZDixhT2B4IXMkMtgZtoceIjLRmA=="
      },
      "Sylvan.Data.Csv": {
        "type": "Transitive",
        "resolved": "1.3.9",
        "contentHash": "ej6VghLaUn5/GK6jGFvd5aHn3Wue+Yp2tpmyI507PBRb/lFA6WAPS+3yKGr5wtFzh0zaE53CnCxhjc0ZW8xu3g=="
      },
      "System.Diagnostics.DiagnosticSource": {
        "type": "Transitive",
        "resolved": "10.0.0-preview.6.25358.103",
        "contentHash": "SmleXl7WsR4hURxBWoTqeCVt8B+doEKMJRev9fxbqdSi5r18kTX/wYqsNePbq/eJeoq3x8UlngVwxwXplYXXfg=="
      },
      "System.Diagnostics.EventLog": {
        "type": "Transitive",
        "resolved": "10.0.0-preview.6.25358.103",
        "contentHash": "JNwN+0tuqtHnELPl7P2T/OjWlgCdqB9fNuwAOh46W7t/2Z5HU+1ROqkiJCupwSVrXjSfV46lcas6HqhUC8BpYQ=="
      },
      "System.IO.Pipelines": {
        "type": "Transitive",
        "resolved": "10.0.0-preview.6.25358.103",
        "contentHash": "E4zvkAKoXg3CGwlsTfFQJwk8KaVFfMZfPOcWXkGoZjmopj9U0BlYQHCOCa/QyRQOJW1B+opYjxreu1PxPqJopQ=="
      },
      "System.Text.Encodings.Web": {
        "type": "Transitive",
        "resolved": "10.0.0-preview.6.25358.103",
        "contentHash": "643oFwgnwbkBJRU2uq+aJGlM/PxFyNkQdoi78w1A4g4a+ccu50LgHCacspi+mo55HUHVKj/psjAymzgzM1uFlA=="
      },
      "System.Text.Json": {
        "type": "Transitive",
        "resolved": "10.0.0-preview.6.25358.103",
        "contentHash": "xH055e4LiRuNIbtKUrTd5rBligJQgdGlnEZF9/H9nqThctNtfuucCkHza/zP/diQ1mdE+ppnY7mYFbj0aCTJ/w==",
        "dependencies": {
          "System.IO.Pipelines": "10.0.0-preview.6.25358.103",
          "System.Text.Encodings.Web": "10.0.0-preview.6.25358.103"
        }
      },
      "ecommons": {
        "type": "Project"
      },
      "gatherbuddy.gamedata": {
        "type": "Project",
        "dependencies": {
          "AllaganLib.GameSheets": "[1.3.0, )",
          "GatherBuddy.Levenshtein": "[1.0.0, )",
          "OtterGui": "[1.0.0, )"
        }
      },
      "gatherbuddy.levenshtein": {
        "type": "Project"
      },
      "gatherbuddy.models": {
        "type": "Project"
      },
      "ottergui": {
        "type": "Project",
        "dependencies": {
          "JetBrains.Annotations": "[2024.3.0, )",
          "Microsoft.Extensions.DependencyInjection": "[9.0.2, )"
        }
      }
    }
  }
}